// !$*UTF8*$!
{
	archiveVersion = 1;
	classes = {
	};
	objectVersion = 56;
	objects = {

/* Begin PBXBuildFile section */
		642546272B27715B009B4AE9 /* EmployeeDTO.swift in Sources */ = {isa = PBXBuildFile; fileRef = 642546262B27715B009B4AE9 /* EmployeeDTO.swift */; };
		642546292B277209009B4AE9 /* Employee.swift in Sources */ = {isa = PBXBuildFile; fileRef = 642546282B277209009B4AE9 /* Employee.swift */; };
		642546332B2773BF009B4AE9 /* Interface.swift in Sources */ = {isa = PBXBuildFile; fileRef = 642546322B2773BF009B4AE9 /* Interface.swift */; };
		642546352B2774AA009B4AE9 /* URLRequest.swift in Sources */ = {isa = PBXBuildFile; fileRef = 642546342B2774AA009B4AE9 /* URLRequest.swift */; };
		642546372B277688009B4AE9 /* URLSession.swift in Sources */ = {isa = PBXBuildFile; fileRef = 642546362B277688009B4AE9 /* URLSession.swift */; };
		642546392B2778C6009B4AE9 /* EmployeeInteractor.swift in Sources */ = {isa = PBXBuildFile; fileRef = 642546382B2778C6009B4AE9 /* EmployeeInteractor.swift */; };
		6425463B2B277DDF009B4AE9 /* NetworkErrors.swift in Sources */ = {isa = PBXBuildFile; fileRef = 6425463A2B277DDF009B4AE9 /* NetworkErrors.swift */; };
		6425463D2B277E3E009B4AE9 /* EmployeeViewModel.swift in Sources */ = {isa = PBXBuildFile; fileRef = 6425463C2B277E3E009B4AE9 /* EmployeeViewModel.swift */; };
		6451BA002B27709C006B1745 /* EmployeesAPPApp.swift in Sources */ = {isa = PBXBuildFile; fileRef = 6451B9FF2B27709C006B1745 /* EmployeesAPPApp.swift */; };
		6451BA022B27709C006B1745 /* ContentView.swift in Sources */ = {isa = PBXBuildFile; fileRef = 6451BA012B27709C006B1745 /* ContentView.swift */; };
		6451BA042B27709E006B1745 /* Assets.xcassets in Resources */ = {isa = PBXBuildFile; fileRef = 6451BA032B27709E006B1745 /* Assets.xcassets */; };
		6451BA072B27709E006B1745 /* Preview Assets.xcassets in Resources */ = {isa = PBXBuildFile; fileRef = 6451BA062B27709E006B1745 /* Preview Assets.xcassets */; };
		649B268D2B287EFA00BCACBE /* TestEmployee.json in Resources */ = {isa = PBXBuildFile; fileRef = 649B268C2B287EFA00BCACBE /* TestEmployee.json */; };
		64A2C03C2B2794800091D4B2 /* JSONDecoder.swift in Sources */ = {isa = PBXBuildFile; fileRef = 64A2C03B2B2794800091D4B2 /* JSONDecoder.swift */; };
		64A2C0402B2876A10091D4B2 /* TestData.swift in Sources */ = {isa = PBXBuildFile; fileRef = 64A2C03F2B2876A10091D4B2 /* TestData.swift */; };
/* End PBXBuildFile section */

/* Begin PBXFileReference section */
		642546262B27715B009B4AE9 /* EmployeeDTO.swift */ = {isa = PBXFileReference; lastKnownFileType = sourcecode.swift; path = EmployeeDTO.swift; sourceTree = "<group>"; };
		642546282B277209009B4AE9 /* Employee.swift */ = {isa = PBXFileReference; lastKnownFileType = sourcecode.swift; path = Employee.swift; sourceTree = "<group>"; };
		642546322B2773BF009B4AE9 /* Interface.swift */ = {isa = PBXFileReference; lastKnownFileType = sourcecode.swift; path = Interface.swift; sourceTree = "<group>"; };
		642546342B2774AA009B4AE9 /* URLRequest.swift */ = {isa = PBXFileReference; lastKnownFileType = sourcecode.swift; path = URLRequest.swift; sourceTree = "<group>"; };
		642546362B277688009B4AE9 /* URLSession.swift */ = {isa = PBXFileReference; lastKnownFileType = sourcecode.swift; path = URLSession.swift; sourceTree = "<group>"; };
		642546382B2778C6009B4AE9 /* EmployeeInteractor.swift */ = {isa = PBXFileReference; lastKnownFileType = sourcecode.swift; path = EmployeeInteractor.swift; sourceTree = "<group>"; };
		6425463A2B277DDF009B4AE9 /* NetworkErrors.swift */ = {isa = PBXFileReference; lastKnownFileType = sourcecode.swift; path = NetworkErrors.swift; sourceTree = "<group>"; };
		6425463C2B277E3E009B4AE9 /* EmployeeViewModel.swift */ = {isa = PBXFileReference; lastKnownFileType = sourcecode.swift; path = EmployeeViewModel.swift; sourceTree = "<group>"; };
		6451B9FC2B27709C006B1745 /* EmployeesAPP.app */ = {isa = PBXFileReference; explicitFileType = wrapper.application; includeInIndex = 0; path = EmployeesAPP.app; sourceTree = BUILT_PRODUCTS_DIR; };
		6451B9FF2B27709C006B1745 /* EmployeesAPPApp.swift */ = {isa = PBXFileReference; lastKnownFileType = sourcecode.swift; path = EmployeesAPPApp.swift; sourceTree = "<group>"; };
		6451BA012B27709C006B1745 /* ContentView.swift */ = {isa = PBXFileReference; lastKnownFileType = sourcecode.swift; path = ContentView.swift; sourceTree = "<group>"; };
		6451BA032B27709E006B1745 /* Assets.xcassets */ = {isa = PBXFileReference; lastKnownFileType = folder.assetcatalog; path = Assets.xcassets; sourceTree = "<group>"; };
		6451BA062B27709E006B1745 /* Preview Assets.xcassets */ = {isa = PBXFileReference; lastKnownFileType = folder.assetcatalog; path = "Preview Assets.xcassets"; sourceTree = "<group>"; };
		649B268C2B287EFA00BCACBE /* TestEmployee.json */ = {isa = PBXFileReference; fileEncoding = 4; lastKnownFileType = text.json; path = TestEmployee.json; sourceTree = "<group>"; };
		64A2C03B2B2794800091D4B2 /* JSONDecoder.swift */ = {isa = PBXFileReference; lastKnownFileType = sourcecode.swift; path = JSONDecoder.swift; sourceTree = "<group>"; };
		64A2C03F2B2876A10091D4B2 /* TestData.swift */ = {isa = PBXFileReference; lastKnownFileType = sourcecode.swift; path = TestData.swift; sourceTree = "<group>"; };
/* End PBXFileReference section */

/* Begin PBXFrameworksBuildPhase section */
		6451B9F92B27709C006B1745 /* Frameworks */ = {
			isa = PBXFrameworksBuildPhase;
			buildActionMask = 2147483647;
			files = (
			);
			runOnlyForDeploymentPostprocessing = 0;
		};
/* End PBXFrameworksBuildPhase section */

/* Begin PBXGroup section */
		6425462A2B2772EE009B4AE9 /* View */ = {
			isa = PBXGroup;
			children = (
				6451BA012B27709C006B1745 /* ContentView.swift */,
			);
			name = View;
			sourceTree = "<group>";
		};
		6425462C2B277312009B4AE9 /* Network */ = {
			isa = PBXGroup;
			children = (
				642546322B2773BF009B4AE9 /* Interface.swift */,
				642546342B2774AA009B4AE9 /* URLRequest.swift */,
				642546362B277688009B4AE9 /* URLSession.swift */,
				64A2C03B2B2794800091D4B2 /* JSONDecoder.swift */,
				6425463A2B277DDF009B4AE9 /* NetworkErrors.swift */,
			);
			name = Network;
			sourceTree = "<group>";
		};
		6425462E2B277367009B4AE9 /* Resources */ = {
			isa = PBXGroup;
			children = (
				6451BA032B27709E006B1745 /* Assets.xcassets */,
			);
			name = Resources;
			sourceTree = "<group>";
		};
		6425462F2B277386009B4AE9 /* System */ = {
			isa = PBXGroup;
			children = (
				6451B9FF2B27709C006B1745 /* EmployeesAPPApp.swift */,
			);
			name = System;
			sourceTree = "<group>";
		};
		642546302B27739B009B4AE9 /* Interactor */ = {
			isa = PBXGroup;
			children = (
				642546382B2778C6009B4AE9 /* EmployeeInteractor.swift */,
			);
			name = Interactor;
			sourceTree = "<group>";
		};
		642546312B2773AD009B4AE9 /* ViewModel */ = {
			isa = PBXGroup;
			children = (
				6425463C2B277E3E009B4AE9 /* EmployeeViewModel.swift */,
			);
			name = ViewModel;
			sourceTree = "<group>";
		};
		6451B9F32B27709C006B1745 = {
			isa = PBXGroup;
			children = (
				6451B9FE2B27709C006B1745 /* EmployeesAPP */,
				6451B9FD2B27709C006B1745 /* Products */,
			);
			sourceTree = "<group>";
		};
		6451B9FD2B27709C006B1745 /* Products */ = {
			isa = PBXGroup;
			children = (
				6451B9FC2B27709C006B1745 /* EmployeesAPP.app */,
			);
			name = Products;
			sourceTree = "<group>";
		};
		6451B9FE2B27709C006B1745 /* EmployeesAPP */ = {
			isa = PBXGroup;
			children = (
				6425462A2B2772EE009B4AE9 /* View */,
				642546312B2773AD009B4AE9 /* ViewModel */,
				642546302B27739B009B4AE9 /* Interactor */,
				6425462C2B277312009B4AE9 /* Network */,
				6451BA0D2B2770EB006B1745 /* Model */,
				6425462F2B277386009B4AE9 /* System */,
				6425462E2B277367009B4AE9 /* Resources */,
				6451BA052B27709E006B1745 /* Preview Content */,
			);
			path = EmployeesAPP;
			sourceTree = "<group>";
		};
		6451BA052B27709E006B1745 /* Preview Content */ = {
			isa = PBXGroup;
			children = (
				649B268C2B287EFA00BCACBE /* TestEmployee.json */,
				6451BA062B27709E006B1745 /* Preview Assets.xcassets */,
				64A2C03F2B2876A10091D4B2 /* TestData.swift */,
			);
			path = "Preview Content";
			sourceTree = "<group>";
		};
		6451BA0D2B2770EB006B1745 /* Model */ = {
			isa = PBXGroup;
			children = (
				642546262B27715B009B4AE9 /* EmployeeDTO.swift */,
				642546282B277209009B4AE9 /* Employee.swift */,
			);
			name = Model;
			sourceTree = "<group>";
		};
/* End PBXGroup section */

/* Begin PBXNativeTarget section */
		6451B9FB2B27709C006B1745 /* EmployeesAPP */ = {
			isa = PBXNativeTarget;
			buildConfigurationList = 6451BA0A2B27709E006B1745 /* Build configuration list for PBXNativeTarget "EmployeesAPP" */;
			buildPhases = (
				6451B9F82B27709C006B1745 /* Sources */,
				6451B9F92B27709C006B1745 /* Frameworks */,
				6451B9FA2B27709C006B1745 /* Resources */,
			);
			buildRules = (
			);
			dependencies = (
			);
			name = EmployeesAPP;
			productName = EmployeesAPP;
			productReference = 6451B9FC2B27709C006B1745 /* EmployeesAPP.app */;
			productType = "com.apple.product-type.application";
		};
/* End PBXNativeTarget section */

/* Begin PBXProject section */
		6451B9F42B27709C006B1745 /* Project object */ = {
			isa = PBXProject;
			attributes = {
				BuildIndependentTargetsInParallel = 1;
				LastSwiftUpdateCheck = 1510;
				LastUpgradeCheck = 1510;
				TargetAttributes = {
					6451B9FB2B27709C006B1745 = {
						CreatedOnToolsVersion = 15.1;
					};
				};
			};
			buildConfigurationList = 6451B9F72B27709C006B1745 /* Build configuration list for PBXProject "EmployeesAPP" */;
			compatibilityVersion = "Xcode 14.0";
			developmentRegion = en;
			hasScannedForEncodings = 0;
			knownRegions = (
				en,
				Base,
			);
			mainGroup = 6451B9F32B27709C006B1745;
			productRefGroup = 6451B9FD2B27709C006B1745 /* Products */;
			projectDirPath = "";
			projectRoot = "";
			targets = (
				6451B9FB2B27709C006B1745 /* EmployeesAPP */,
			);
		};
/* End PBXProject section */

/* Begin PBXResourcesBuildPhase section */
		6451B9FA2B27709C006B1745 /* Resources */ = {
			isa = PBXResourcesBuildPhase;
			buildActionMask = 2147483647;
			files = (
				6451BA072B27709E006B1745 /* Preview Assets.xcassets in Resources */,
				649B268D2B287EFA00BCACBE /* TestEmployee.json in Resources */,
				6451BA042B27709E006B1745 /* Assets.xcassets in Resources */,
			);
			runOnlyForDeploymentPostprocessing = 0;
		};
/* End PBXResourcesBuildPhase section */

/* Begin PBXSourcesBuildPhase section */
		6451B9F82B27709C006B1745 /* Sources */ = {
			isa = PBXSourcesBuildPhase;
			buildActionMask = 2147483647;
			files = (
				642546332B2773BF009B4AE9 /* Interface.swift in Sources */,
				642546372B277688009B4AE9 /* URLSession.swift in Sources */,
				6451BA022B27709C006B1745 /* ContentView.swift in Sources */,
				64A2C0402B2876A10091D4B2 /* TestData.swift in Sources */,
				642546292B277209009B4AE9 /* Employee.swift in Sources */,
				642546352B2774AA009B4AE9 /* URLRequest.swift in Sources */,
				64A2C03C2B2794800091D4B2 /* JSONDecoder.swift in Sources */,
				6451BA002B27709C006B1745 /* EmployeesAPPApp.swift in Sources */,
				6425463B2B277DDF009B4AE9 /* NetworkErrors.swift in Sources */,
				642546392B2778C6009B4AE9 /* EmployeeInteractor.swift in Sources */,
				6425463D2B277E3E009B4AE9 /* EmployeeViewModel.swift in Sources */,
				642546272B27715B009B4AE9 /* EmployeeDTO.swift in Sources */,
			);
			runOnlyForDeploymentPostprocessing = 0;
		};
/* End PBXSourcesBuildPhase section */

/* Begin XCBuildConfiguration section */
		6451BA082B27709E006B1745 /* Debug */ = {
			isa = XCBuildConfiguration;
			buildSettings = {
				ALWAYS_SEARCH_USER_PATHS = NO;
				ASSETCATALOG_COMPILER_GENERATE_SWIFT_ASSET_SYMBOL_EXTENSIONS = YES;
				CLANG_ANALYZER_NONNULL = YES;
				CLANG_ANALYZER_NUMBER_OBJECT_CONVERSION = YES_AGGRESSIVE;
				CLANG_CXX_LANGUAGE_STANDARD = "gnu++20";
				CLANG_ENABLE_MODULES = YES;
				CLANG_ENABLE_OBJC_ARC = YES;
				CLANG_ENABLE_OBJC_WEAK = YES;
				CLANG_WARN_BLOCK_CAPTURE_AUTORELEASING = YES;
				CLANG_WARN_BOOL_CONVERSION = YES;
				CLANG_WARN_COMMA = YES;
				CLANG_WARN_CONSTANT_CONVERSION = YES;
				CLANG_WARN_DEPRECATED_OBJC_IMPLEMENTATIONS = YES;
				CLANG_WARN_DIRECT_OBJC_ISA_USAGE = YES_ERROR;
				CLANG_WARN_DOCUMENTATION_COMMENTS = YES;
				CLANG_WARN_EMPTY_BODY = YES;
				CLANG_WARN_ENUM_CONVERSION = YES;
				CLANG_WARN_INFINITE_RECURSION = YES;
				CLANG_WARN_INT_CONVERSION = YES;
				CLANG_WARN_NON_LITERAL_NULL_CONVERSION = YES;
				CLANG_WARN_OBJC_IMPLICIT_RETAIN_SELF = YES;
				CLANG_WARN_OBJC_LITERAL_CONVERSION = YES;
				CLANG_WARN_OBJC_ROOT_CLASS = YES_ERROR;
				CLANG_WARN_QUOTED_INCLUDE_IN_FRAMEWORK_HEADER = YES;
				CLANG_WARN_RANGE_LOOP_ANALYSIS = YES;
				CLANG_WARN_STRICT_PROTOTYPES = YES;
				CLANG_WARN_SUSPICIOUS_MOVE = YES;
				CLANG_WARN_UNGUARDED_AVAILABILITY = YES_AGGRESSIVE;
				CLANG_WARN_UNREACHABLE_CODE = YES;
				CLANG_WARN__DUPLICATE_METHOD_MATCH = YES;
				COPY_PHASE_STRIP = NO;
				DEBUG_INFORMATION_FORMAT = dwarf;
				ENABLE_STRICT_OBJC_MSGSEND = YES;
				ENABLE_TESTABILITY = YES;
				ENABLE_USER_SCRIPT_SANDBOXING = YES;
				GCC_C_LANGUAGE_STANDARD = gnu17;
				GCC_DYNAMIC_NO_PIC = NO;
				GCC_NO_COMMON_BLOCKS = YES;
				GCC_OPTIMIZATION_LEVEL = 0;
				GCC_PREPROCESSOR_DEFINITIONS = (
					"DEBUG=1",
					"$(inherited)",
				);
				GCC_WARN_64_TO_32_BIT_CONVERSION = YES;
				GCC_WARN_ABOUT_RETURN_TYPE = YES_ERROR;
				GCC_WARN_UNDECLARED_SELECTOR = YES;
				GCC_WARN_UNINITIALIZED_AUTOS = YES_AGGRESSIVE;
				GCC_WARN_UNUSED_FUNCTION = YES;
				GCC_WARN_UNUSED_VARIABLE = YES;
				IPHONEOS_DEPLOYMENT_TARGET = 17.2;
				LOCALIZATION_PREFERS_STRING_CATALOGS = YES;
				MTL_ENABLE_DEBUG_INFO = INCLUDE_SOURCE;
				MTL_FAST_MATH = YES;
				ONLY_ACTIVE_ARCH = YES;
				SDKROOT = iphoneos;
				SWIFT_ACTIVE_COMPILATION_CONDITIONS = "DEBUG $(inherited)";
				SWIFT_OPTIMIZATION_LEVEL = "-Onone";
			};
			name = Debug;
		};
		6451BA092B27709E006B1745 /* Release */ = {
			isa = XCBuildConfiguration;
			buildSettings = {
				ALWAYS_SEARCH_USER_PATHS = NO;
				ASSETCATALOG_COMPILER_GENERATE_SWIFT_ASSET_SYMBOL_EXTENSIONS = YES;
				CLANG_ANALYZER_NONNULL = YES;
				CLANG_ANALYZER_NUMBER_OBJECT_CONVERSION = YES_AGGRESSIVE;
				CLANG_CXX_LANGUAGE_STANDARD = "gnu++20";
				CLANG_ENABLE_MODULES = YES;
				CLANG_ENABLE_OBJC_ARC = YES;
				CLANG_ENABLE_OBJC_WEAK = YES;
				CLANG_WARN_BLOCK_CAPTURE_AUTORELEASING = YES;
				CLANG_WARN_BOOL_CONVERSION = YES;
				CLANG_WARN_COMMA = YES;
				CLANG_WARN_CONSTANT_CONVERSION = YES;
				CLANG_WARN_DEPRECATED_OBJC_IMPLEMENTATIONS = YES;
				CLANG_WARN_DIRECT_OBJC_ISA_USAGE = YES_ERROR;
				CLANG_WARN_DOCUMENTATION_COMMENTS = YES;
				CLANG_WARN_EMPTY_BODY = YES;
				CLANG_WARN_ENUM_CONVERSION = YES;
				CLANG_WARN_INFINITE_RECURSION = YES;
				CLANG_WARN_INT_CONVERSION = YES;
				CLANG_WARN_NON_LITERAL_NULL_CONVERSION = YES;
				CLANG_WARN_OBJC_IMPLICIT_RETAIN_SELF = YES;
				CLANG_WARN_OBJC_LITERAL_CONVERSION = YES;
				CLANG_WARN_OBJC_ROOT_CLASS = YES_ERROR;
				CLANG_WARN_QUOTED_INCLUDE_IN_FRAMEWORK_HEADER = YES;
				CLANG_WARN_RANGE_LOOP_ANALYSIS = YES;
				CLANG_WARN_STRICT_PROTOTYPES = YES;
				CLANG_WARN_SUSPICIOUS_MOVE = YES;
				CLANG_WARN_UNGUARDED_AVAILABILITY = YES_AGGRESSIVE;
				CLANG_WARN_UNREACHABLE_CODE = YES;
				CLANG_WARN__DUPLICATE_METHOD_MATCH = YES;
				COPY_PHASE_STRIP = NO;
				DEBUG_INFORMATION_FORMAT = "dwarf-with-dsym";
				ENABLE_NS_ASSERTIONS = NO;
				ENABLE_STRICT_OBJC_MSGSEND = YES;
				ENABLE_USER_SCRIPT_SANDBOXING = YES;
				GCC_C_LANGUAGE_STANDARD = gnu17;
				GCC_NO_COMMON_BLOCKS = YES;
				GCC_WARN_64_TO_32_BIT_CONVERSION = YES;
				GCC_WARN_ABOUT_RETURN_TYPE = YES_ERROR;
				GCC_WARN_UNDECLARED_SELECTOR = YES;
				GCC_WARN_UNINITIALIZED_AUTOS = YES_AGGRESSIVE;
				GCC_WARN_UNUSED_FUNCTION = YES;
				GCC_WARN_UNUSED_VARIABLE = YES;
				IPHONEOS_DEPLOYMENT_TARGET = 17.2;
				LOCALIZATION_PREFERS_STRING_CATALOGS = YES;
				MTL_ENABLE_DEBUG_INFO = NO;
				MTL_FAST_MATH = YES;
				SDKROOT = iphoneos;
				SWIFT_COMPILATION_MODE = wholemodule;
				VALIDATE_PRODUCT = YES;
			};
			name = Release;
		};
		6451BA0B2B27709E006B1745 /* Debug */ = {
			isa = XCBuildConfiguration;
			buildSettings = {
				ASSETCATALOG_COMPILER_APPICON_NAME = AppIcon;
				ASSETCATALOG_COMPILER_GLOBAL_ACCENT_COLOR_NAME = AccentColor;
				CODE_SIGN_STYLE = Automatic;
				CURRENT_PROJECT_VERSION = 1;
				DEVELOPMENT_ASSET_PATHS = "\"EmployeesAPP/Preview Content\"";
				DEVELOPMENT_TEAM = 667XDQT88L;
				ENABLE_PREVIEWS = YES;
				GENERATE_INFOPLIST_FILE = YES;
				INFOPLIST_KEY_UIApplicationSceneManifest_Generation = YES;
				INFOPLIST_KEY_UIApplicationSupportsIndirectInputEvents = YES;
				INFOPLIST_KEY_UILaunchScreen_Generation = YES;
				INFOPLIST_KEY_UISupportedInterfaceOrientations_iPad = "UIInterfaceOrientationPortrait UIInterfaceOrientationPortraitUpsideDown UIInterfaceOrientationLandscapeLeft UIInterfaceOrientationLandscapeRight";
				INFOPLIST_KEY_UISupportedInterfaceOrientations_iPhone = "UIInterfaceOrientationPortrait UIInterfaceOrientationLandscapeLeft UIInterfaceOrientationLandscapeRight";
				LD_RUNPATH_SEARCH_PATHS = (
					"$(inherited)",
					"@executable_path/Frameworks",
				);
				MARKETING_VERSION = 1.0;
				PRODUCT_BUNDLE_IDENTIFIER = es.sirvega83.EmployeesAPP;
				PRODUCT_NAME = "$(TARGET_NAME)";
				SWIFT_EMIT_LOC_STRINGS = YES;
				SWIFT_VERSION = 5.0;
				TARGETED_DEVICE_FAMILY = "1,2";
			};
			name = Debug;
		};
		6451BA0C2B27709E006B1745 /* Release */ = {
			isa = XCBuildConfiguration;
			buildSettings = {
				ASSETCATALOG_COMPILER_APPICON_NAME = AppIcon;
				ASSETCATALOG_COMPILER_GLOBAL_ACCENT_COLOR_NAME = AccentColor;
				CODE_SIGN_STYLE = Automatic;
				CURRENT_PROJECT_VERSION = 1;
				DEVELOPMENT_ASSET_PATHS = "\"EmployeesAPP/Preview Content\"";
				DEVELOPMENT_TEAM = 667XDQT88L;
				ENABLE_PREVIEWS = YES;
				GENERATE_INFOPLIST_FILE = YES;
				INFOPLIST_KEY_UIApplicationSceneManifest_Generation = YES;
				INFOPLIST_KEY_UIApplicationSupportsIndirectInputEvents = YES;
				INFOPLIST_KEY_UILaunchScreen_Generation = YES;
				INFOPLIST_KEY_UISupportedInterfaceOrientations_iPad = "UIInterfaceOrientationPortrait UIInterfaceOrientationPortraitUpsideDown UIInterfaceOrientationLandscapeLeft UIInterfaceOrientationLandscapeRight";
				INFOPLIST_KEY_UISupportedInterfaceOrientations_iPhone = "UIInterfaceOrientationPortrait UIInterfaceOrientationLandscapeLeft UIInterfaceOrientationLandscapeRight";
				LD_RUNPATH_SEARCH_PATHS = (
					"$(inherited)",
					"@executable_path/Frameworks",
				);
				MARKETING_VERSION = 1.0;
				PRODUCT_BUNDLE_IDENTIFIER = es.sirvega83.EmployeesAPP;
				PRODUCT_NAME = "$(TARGET_NAME)";
				SWIFT_EMIT_LOC_STRINGS = YES;
				SWIFT_VERSION = 5.0;
				TARGETED_DEVICE_FAMILY = "1,2";
			};
			name = Release;
		};
/* End XCBuildConfiguration section */

/* Begin XCConfigurationList section */
		6451B9F72B27709C006B1745 /* Build configuration list for PBXProject "EmployeesAPP" */ = {
			isa = XCConfigurationList;
			buildConfigurations = (
				6451BA082B27709E006B1745 /* Debug */,
				6451BA092B27709E006B1745 /* Release */,
			);
			defaultConfigurationIsVisible = 0;
			defaultConfigurationName = Release;
		};
		6451BA0A2B27709E006B1745 /* Build configuration list for PBXNativeTarget "EmployeesAPP" */ = {
			isa = XCConfigurationList;
			buildConfigurations = (
				6451BA0B2B27709E006B1745 /* Debug */,
				6451BA0C2B27709E006B1745 /* Release */,
			);
			defaultConfigurationIsVisible = 0;
			defaultConfigurationName = Release;
		};
/* End XCConfigurationList section */
	};
	rootObject = 6451B9F42B27709C006B1745 /* Project object */;
}
